
Microsoft Visual Studio Solution File, Format Version 12.00
# Visual Studio 15
VisualStudioVersion = 15.0.26228.10
MinimumVisualStudioVersion = 10.0.40219.1
Project("{FAE04EC0-301F-11D3-BF4B-00C04F79EFBC}") = "SmartGallery.Web", "Intellipix\SmartGallery.Web.csproj", "{6EAD2333-3B1A-4157-B0BE-19BAF0854AAD}"
EndProject
Project("{FAE04EC0-301F-11D3-BF4B-00C04F79EFBC}") = "ConsoleApp1", "ConsoleApp1\ConsoleApp1.csproj", "{6E79CC86-3E05-41CE-A8A1-4FEA721EBA51}"
EndProject
Project("{FAE04EC0-301F-11D3-BF4B-00C04F79EFBC}") = "SmartGallery.Data", "SmartGallery.Data\SmartGallery.Data.csproj", "{6D1ADDDD-FEFA-4017-85EF-E4AAA505AD7A}"
EndProject
Project("{151D2E53-A2C4-4D7D-83FE-D05416EBD58E}") = "SmartGallery.Infrastructure", "SmartGallery.Infrastructure\SmartGallery.Infrastructure.deployproj", "{595B5DB9-D4E4-461F-A685-2C92D0BAF3C7}"
EndProject
Global
	GlobalSection(SolutionConfigurationPlatforms) = preSolution
		Debug|Any CPU = Debug|Any CPU
		Release|Any CPU = Release|Any CPU
	EndGlobalSection
	GlobalSection(ProjectConfigurationPlatforms) = postSolution
		{6EAD2333-3B1A-4157-B0BE-19BAF0854AAD}.Debug|Any CPU.ActiveCfg = Debug|Any CPU
		{6EAD2333-3B1A-4157-B0BE-19BAF0854AAD}.Debug|Any CPU.Build.0 = Debug|Any CPU
		{6EAD2333-3B1A-4157-B0BE-19BAF0854AAD}.Release|Any CPU.ActiveCfg = Release|Any CPU
		{6EAD2333-3B1A-4157-B0BE-19BAF0854AAD}.Release|Any CPU.Build.0 = Release|Any CPU
		{6E79CC86-3E05-41CE-A8A1-4FEA721EBA51}.Debug|Any CPU.ActiveCfg = Debug|Any CPU
		{6E79CC86-3E05-41CE-A8A1-4FEA721EBA51}.Debug|Any CPU.Build.0 = Debug|Any CPU
		{6E79CC86-3E05-41CE-A8A1-4FEA721EBA51}.Release|Any CPU.ActiveCfg = Release|Any CPU
		{6E79CC86-3E05-41CE-A8A1-4FEA721EBA51}.Release|Any CPU.Build.0 = Release|Any CPU
		{6D1ADDDD-FEFA-4017-85EF-E4AAA505AD7A}.Debug|Any CPU.ActiveCfg = Debug|Any CPU
		{6D1ADDDD-FEFA-4017-85EF-E4AAA505AD7A}.Debug|Any CPU.Build.0 = Debug|Any CPU
		{6D1ADDDD-FEFA-4017-85EF-E4AAA505AD7A}.Release|Any CPU.ActiveCfg = Release|Any CPU
		{6D1ADDDD-FEFA-4017-85EF-E4AAA505AD7A}.Release|Any CPU.Build.0 = Release|Any CPU
		{595B5DB9-D4E4-461F-A685-2C92D0BAF3C7}.Debug|Any CPU.ActiveCfg = Debug|Any CPU
		{595B5DB9-D4E4-461F-A685-2C92D0BAF3C7}.Debug|Any CPU.Build.0 = Debug|Any CPU
		{595B5DB9-D4E4-461F-A685-2C92D0BAF3C7}.Release|Any CPU.ActiveCfg = Release|Any CPU
		{595B5DB9-D4E4-461F-A685-2C92D0BAF3C7}.Release|Any CPU.Build.0 = Release|Any CPU
	EndGlobalSection
	GlobalSection(SolutionProperties) = preSolution
		HideSolutionNode = FALSE
	EndGlobalSection
EndGlobal
